// !$*UTF8*$!
{
	archiveVersion = 1;
	classes = {
	};
	objectVersion = 48;
	objects = {

/* Begin PBXBuildFile section */
		117B356B1F7F89F80090C162 /* RequestMapping.cpp in Sources */ = {isa = PBXBuildFile; fileRef = 117B35691F7F89F80090C162 /* RequestMapping.cpp */; };
		117B356E1F7F8E1A0090C162 /* StaticResourceController.cpp in Sources */ = {isa = PBXBuildFile; fileRef = 117B356C1F7F8E1A0090C162 /* StaticResourceController.cpp */; };
		1193A6C71F7A3E860005619B /* main.cpp in Sources */ = {isa = PBXBuildFile; fileRef = 1193A6C61F7A3E860005619B /* main.cpp */; };
		1193A6D01F7A40550005619B /* RestServer.cpp in Sources */ = {isa = PBXBuildFile; fileRef = 1193A6CE1F7A40550005619B /* RestServer.cpp */; };
		1193A6D41F7A419A0005619B /* SimpleServer.cpp in Sources */ = {isa = PBXBuildFile; fileRef = 1193A6D21F7A419A0005619B /* SimpleServer.cpp */; };
		1193A6D81F7A44CF0005619B /* CatnipApi.cpp in Sources */ = {isa = PBXBuildFile; fileRef = 1193A6D61F7A44CF0005619B /* CatnipApi.cpp */; };
		1193A6DB1F7A571B0005619B /* HttpRequest.cpp in Sources */ = {isa = PBXBuildFile; fileRef = 1193A6D91F7A571B0005619B /* HttpRequest.cpp */; };
		1193A6DE1F7A57AA0005619B /* HttpHeaders.cpp in Sources */ = {isa = PBXBuildFile; fileRef = 1193A6DC1F7A57AA0005619B /* HttpHeaders.cpp */; };
		1193A6E11F7B3FC10005619B /* RestController.cpp in Sources */ = {isa = PBXBuildFile; fileRef = 1193A6DF1F7B3FC10005619B /* RestController.cpp */; };
		1193A6E51F7B464D0005619B /* HttpResponsePayload.cpp in Sources */ = {isa = PBXBuildFile; fileRef = 1193A6E31F7B464D0005619B /* HttpResponsePayload.cpp */; };
		1193A6EE1F7B997A0005619B /* MockJsonController.cpp in Sources */ = {isa = PBXBuildFile; fileRef = 1193A6EC1F7B997A0005619B /* MockJsonController.cpp */; };
		11A564371F7D0826004A529E /* Path.cpp in Sources */ = {isa = PBXBuildFile; fileRef = 11A564351F7D0826004A529E /* Path.cpp */; };
		11B3E5DC1F7CFD9500A31C0A /* FileUtils.cpp in Sources */ = {isa = PBXBuildFile; fileRef = 11B3E5DA1F7CFD9500A31C0A /* FileUtils.cpp */; };
		11B3E5DF1F7D054600A31C0A /* StringUtils.cpp in Sources */ = {isa = PBXBuildFile; fileRef = 11B3E5DD1F7D054600A31C0A /* StringUtils.cpp */; };
		2F6AD3331F7A848B00D72AA0 /* HttpRequestTranslator.cpp in Sources */ = {isa = PBXBuildFile; fileRef = 2F6AD3311F7A848B00D72AA0 /* HttpRequestTranslator.cpp */; };
		2F6AD3391F7A8EDD00D72AA0 /* HttpRequestMethodTranslator.cpp in Sources */ = {isa = PBXBuildFile; fileRef = 2F6AD3371F7A8EDD00D72AA0 /* HttpRequestMethodTranslator.cpp */; };
		2F6AD33D1F7AA73600D72AA0 /* HttpStatusCodeTranslator.cpp in Sources */ = {isa = PBXBuildFile; fileRef = 2F6AD33B1F7AA73600D72AA0 /* HttpStatusCodeTranslator.cpp */; };
		2F6AD3401F7AA8CD00D72AA0 /* HttpResponse.cpp in Sources */ = {isa = PBXBuildFile; fileRef = 2F6AD33E1F7AA8CD00D72AA0 /* HttpResponse.cpp */; };
		2F6AD3431F7AAAE200D72AA0 /* HttpResponseTranslator.cpp in Sources */ = {isa = PBXBuildFile; fileRef = 2F6AD3411F7AAAE200D72AA0 /* HttpResponseTranslator.cpp */; };
		2F6AD34A1F7FD2F400D72AA0 /* CatnipApiConfig.cpp in Sources */ = {isa = PBXBuildFile; fileRef = 2F6AD3481F7FD2F400D72AA0 /* CatnipApiConfig.cpp */; };
		2F6AD34E1F7FE24400D72AA0 /* Image.cpp in Sources */ = {isa = PBXBuildFile; fileRef = 2F6AD34C1F7FE24400D72AA0 /* Image.cpp */; };
		2F6AD3511F7FE3B300D72AA0 /* Appearance.cpp in Sources */ = {isa = PBXBuildFile; fileRef = 2F6AD34F1F7FE3B300D72AA0 /* Appearance.cpp */; };
		2F6AD3541F7FE5C300D72AA0 /* JsonUtils.cpp in Sources */ = {isa = PBXBuildFile; fileRef = 2F6AD3531F7FE5C300D72AA0 /* JsonUtils.cpp */; };
		2F6AD3571F7FEB4100D72AA0 /* AppearanceController.cpp in Sources */ = {isa = PBXBuildFile; fileRef = 2F6AD3551F7FEB4100D72AA0 /* AppearanceController.cpp */; };
		2F6AD35A1F7FED6600D72AA0 /* HttpResponseUtils.cpp in Sources */ = {isa = PBXBuildFile; fileRef = 2F6AD3581F7FED6600D72AA0 /* HttpResponseUtils.cpp */; };
/* End PBXBuildFile section */

/* Begin PBXCopyFilesBuildPhase section */
		1193A6C11F7A3E860005619B /* CopyFiles */ = {
			isa = PBXCopyFilesBuildPhase;
			buildActionMask = 2147483647;
			dstPath = /usr/share/man/man1/;
			dstSubfolderSpec = 0;
			files = (
			);
			runOnlyForDeploymentPostprocessing = 1;
		};
/* End PBXCopyFilesBuildPhase section */

/* Begin PBXFileReference section */
		117B35691F7F89F80090C162 /* RequestMapping.cpp */ = {isa = PBXFileReference; lastKnownFileType = sourcecode.cpp.cpp; path = RequestMapping.cpp; sourceTree = "<group>"; };
		117B356A1F7F89F80090C162 /* RequestMapping.h */ = {isa = PBXFileReference; lastKnownFileType = sourcecode.c.h; path = RequestMapping.h; sourceTree = "<group>"; };
		117B356C1F7F8E1A0090C162 /* StaticResourceController.cpp */ = {isa = PBXFileReference; lastKnownFileType = sourcecode.cpp.cpp; path = StaticResourceController.cpp; sourceTree = "<group>"; };
		117B356D1F7F8E1A0090C162 /* StaticResourceController.h */ = {isa = PBXFileReference; lastKnownFileType = sourcecode.c.h; path = StaticResourceController.h; sourceTree = "<group>"; };
		1193A6C31F7A3E860005619B /* catnip-api */ = {isa = PBXFileReference; explicitFileType = "compiled.mach-o.executable"; includeInIndex = 0; path = "catnip-api"; sourceTree = BUILT_PRODUCTS_DIR; };
		1193A6C61F7A3E860005619B /* main.cpp */ = {isa = PBXFileReference; lastKnownFileType = sourcecode.cpp.cpp; path = main.cpp; sourceTree = "<group>"; };
		1193A6CE1F7A40550005619B /* RestServer.cpp */ = {isa = PBXFileReference; lastKnownFileType = sourcecode.cpp.cpp; path = RestServer.cpp; sourceTree = "<group>"; };
		1193A6CF1F7A40550005619B /* RestServer.h */ = {isa = PBXFileReference; lastKnownFileType = sourcecode.c.h; path = RestServer.h; sourceTree = "<group>"; };
		1193A6D21F7A419A0005619B /* SimpleServer.cpp */ = {isa = PBXFileReference; lastKnownFileType = sourcecode.cpp.cpp; path = SimpleServer.cpp; sourceTree = "<group>"; };
		1193A6D31F7A419A0005619B /* SimpleServer.h */ = {isa = PBXFileReference; lastKnownFileType = sourcecode.c.h; path = SimpleServer.h; sourceTree = "<group>"; };
		1193A6D51F7A41F20005619B /* SimpleServerDelegate.h */ = {isa = PBXFileReference; lastKnownFileType = sourcecode.c.h; path = SimpleServerDelegate.h; sourceTree = "<group>"; };
		1193A6D61F7A44CF0005619B /* CatnipApi.cpp */ = {isa = PBXFileReference; lastKnownFileType = sourcecode.cpp.cpp; path = CatnipApi.cpp; sourceTree = "<group>"; };
		1193A6D71F7A44CF0005619B /* CatnipApi.h */ = {isa = PBXFileReference; lastKnownFileType = sourcecode.c.h; path = CatnipApi.h; sourceTree = "<group>"; };
		1193A6D91F7A571B0005619B /* HttpRequest.cpp */ = {isa = PBXFileReference; lastKnownFileType = sourcecode.cpp.cpp; path = HttpRequest.cpp; sourceTree = "<group>"; };
		1193A6DA1F7A571B0005619B /* HttpRequest.h */ = {isa = PBXFileReference; lastKnownFileType = sourcecode.c.h; path = HttpRequest.h; sourceTree = "<group>"; };
		1193A6DC1F7A57AA0005619B /* HttpHeaders.cpp */ = {isa = PBXFileReference; lastKnownFileType = sourcecode.cpp.cpp; path = HttpHeaders.cpp; sourceTree = "<group>"; };
		1193A6DD1F7A57AA0005619B /* HttpHeaders.h */ = {isa = PBXFileReference; lastKnownFileType = sourcecode.c.h; path = HttpHeaders.h; sourceTree = "<group>"; };
		1193A6DF1F7B3FC10005619B /* RestController.cpp */ = {isa = PBXFileReference; lastKnownFileType = sourcecode.cpp.cpp; path = RestController.cpp; sourceTree = "<group>"; };
		1193A6E01F7B3FC10005619B /* RestController.h */ = {isa = PBXFileReference; lastKnownFileType = sourcecode.c.h; path = RestController.h; sourceTree = "<group>"; };
		1193A6E31F7B464D0005619B /* HttpResponsePayload.cpp */ = {isa = PBXFileReference; lastKnownFileType = sourcecode.cpp.cpp; path = HttpResponsePayload.cpp; sourceTree = "<group>"; };
		1193A6E41F7B464D0005619B /* HttpResponsePayload.h */ = {isa = PBXFileReference; lastKnownFileType = sourcecode.c.h; path = HttpResponsePayload.h; sourceTree = "<group>"; };
		1193A6EC1F7B997A0005619B /* MockJsonController.cpp */ = {isa = PBXFileReference; lastKnownFileType = sourcecode.cpp.cpp; path = MockJsonController.cpp; sourceTree = "<group>"; };
		1193A6ED1F7B997A0005619B /* MockJsonController.h */ = {isa = PBXFileReference; lastKnownFileType = sourcecode.c.h; path = MockJsonController.h; sourceTree = "<group>"; };
		11A564351F7D0826004A529E /* Path.cpp */ = {isa = PBXFileReference; lastKnownFileType = sourcecode.cpp.cpp; path = Path.cpp; sourceTree = "<group>"; };
		11A564361F7D0826004A529E /* Path.h */ = {isa = PBXFileReference; lastKnownFileType = sourcecode.c.h; path = Path.h; sourceTree = "<group>"; };
		11B3E5DA1F7CFD9500A31C0A /* FileUtils.cpp */ = {isa = PBXFileReference; lastKnownFileType = sourcecode.cpp.cpp; path = FileUtils.cpp; sourceTree = "<group>"; };
		11B3E5DB1F7CFD9500A31C0A /* FileUtils.h */ = {isa = PBXFileReference; lastKnownFileType = sourcecode.c.h; path = FileUtils.h; sourceTree = "<group>"; };
		11B3E5DD1F7D054600A31C0A /* StringUtils.cpp */ = {isa = PBXFileReference; lastKnownFileType = sourcecode.cpp.cpp; path = StringUtils.cpp; sourceTree = "<group>"; };
		11B3E5DE1F7D054600A31C0A /* StringUtils.h */ = {isa = PBXFileReference; lastKnownFileType = sourcecode.c.h; path = StringUtils.h; sourceTree = "<group>"; };
		2F6AD3311F7A848B00D72AA0 /* HttpRequestTranslator.cpp */ = {isa = PBXFileReference; fileEncoding = 4; lastKnownFileType = sourcecode.cpp.cpp; path = HttpRequestTranslator.cpp; sourceTree = "<group>"; };
		2F6AD3321F7A848B00D72AA0 /* HttpRequestTranslator.h */ = {isa = PBXFileReference; fileEncoding = 4; lastKnownFileType = sourcecode.c.h; path = HttpRequestTranslator.h; sourceTree = "<group>"; };
		2F6AD3351F7A88E900D72AA0 /* HttpRequestMethod.h */ = {isa = PBXFileReference; fileEncoding = 4; lastKnownFileType = sourcecode.c.h; path = HttpRequestMethod.h; sourceTree = "<group>"; };
		2F6AD3371F7A8EDD00D72AA0 /* HttpRequestMethodTranslator.cpp */ = {isa = PBXFileReference; fileEncoding = 4; lastKnownFileType = sourcecode.cpp.cpp; path = HttpRequestMethodTranslator.cpp; sourceTree = "<group>"; };
		2F6AD3381F7A8EDD00D72AA0 /* HttpRequestMethodTranslator.h */ = {isa = PBXFileReference; fileEncoding = 4; lastKnownFileType = sourcecode.c.h; path = HttpRequestMethodTranslator.h; sourceTree = "<group>"; };
		2F6AD33A1F7AA6BC00D72AA0 /* HttpStatusCode.h */ = {isa = PBXFileReference; lastKnownFileType = sourcecode.c.h; path = HttpStatusCode.h; sourceTree = "<group>"; };
		2F6AD33B1F7AA73600D72AA0 /* HttpStatusCodeTranslator.cpp */ = {isa = PBXFileReference; fileEncoding = 4; lastKnownFileType = sourcecode.cpp.cpp; path = HttpStatusCodeTranslator.cpp; sourceTree = "<group>"; };
		2F6AD33C1F7AA73600D72AA0 /* HttpStatusCodeTranslator.h */ = {isa = PBXFileReference; fileEncoding = 4; lastKnownFileType = sourcecode.c.h; path = HttpStatusCodeTranslator.h; sourceTree = "<group>"; };
		2F6AD33E1F7AA8CD00D72AA0 /* HttpResponse.cpp */ = {isa = PBXFileReference; fileEncoding = 4; lastKnownFileType = sourcecode.cpp.cpp; path = HttpResponse.cpp; sourceTree = "<group>"; };
		2F6AD33F1F7AA8CD00D72AA0 /* HttpResponse.h */ = {isa = PBXFileReference; fileEncoding = 4; lastKnownFileType = sourcecode.c.h; path = HttpResponse.h; sourceTree = "<group>"; };
		2F6AD3411F7AAAE200D72AA0 /* HttpResponseTranslator.cpp */ = {isa = PBXFileReference; fileEncoding = 4; lastKnownFileType = sourcecode.cpp.cpp; path = HttpResponseTranslator.cpp; sourceTree = "<group>"; };
		2F6AD3421F7AAAE200D72AA0 /* HttpResponseTranslator.h */ = {isa = PBXFileReference; fileEncoding = 4; lastKnownFileType = sourcecode.c.h; path = HttpResponseTranslator.h; sourceTree = "<group>"; };
		2F6AD3481F7FD2F400D72AA0 /* CatnipApiConfig.cpp */ = {isa = PBXFileReference; fileEncoding = 4; lastKnownFileType = sourcecode.cpp.cpp; path = CatnipApiConfig.cpp; sourceTree = "<group>"; };
		2F6AD3491F7FD2F400D72AA0 /* CatnipApiConfig.h */ = {isa = PBXFileReference; fileEncoding = 4; lastKnownFileType = sourcecode.c.h; path = CatnipApiConfig.h; sourceTree = "<group>"; };
		2F6AD34C1F7FE24400D72AA0 /* Image.cpp */ = {isa = PBXFileReference; fileEncoding = 4; lastKnownFileType = sourcecode.cpp.cpp; path = Image.cpp; sourceTree = "<group>"; };
		2F6AD34D1F7FE24400D72AA0 /* Image.h */ = {isa = PBXFileReference; fileEncoding = 4; lastKnownFileType = sourcecode.c.h; path = Image.h; sourceTree = "<group>"; };
		2F6AD34F1F7FE3B300D72AA0 /* Appearance.cpp */ = {isa = PBXFileReference; fileEncoding = 4; lastKnownFileType = sourcecode.cpp.cpp; path = Appearance.cpp; sourceTree = "<group>"; };
		2F6AD3501F7FE3B300D72AA0 /* Appearance.h */ = {isa = PBXFileReference; fileEncoding = 4; lastKnownFileType = sourcecode.c.h; path = Appearance.h; sourceTree = "<group>"; };
		2F6AD3521F7FE50A00D72AA0 /* JsonUtils.h */ = {isa = PBXFileReference; lastKnownFileType = sourcecode.c.h; path = JsonUtils.h; sourceTree = "<group>"; };
		2F6AD3531F7FE5C300D72AA0 /* JsonUtils.cpp */ = {isa = PBXFileReference; fileEncoding = 4; lastKnownFileType = sourcecode.cpp.cpp; path = JsonUtils.cpp; sourceTree = "<group>"; };
		2F6AD3551F7FEB4100D72AA0 /* AppearanceController.cpp */ = {isa = PBXFileReference; fileEncoding = 4; lastKnownFileType = sourcecode.cpp.cpp; path = AppearanceController.cpp; sourceTree = "<group>"; };
		2F6AD3561F7FEB4100D72AA0 /* AppearanceController.h */ = {isa = PBXFileReference; fileEncoding = 4; lastKnownFileType = sourcecode.c.h; path = AppearanceController.h; sourceTree = "<group>"; };
		2F6AD3581F7FED6600D72AA0 /* HttpResponseUtils.cpp */ = {isa = PBXFileReference; fileEncoding = 4; lastKnownFileType = sourcecode.cpp.cpp; path = HttpResponseUtils.cpp; sourceTree = "<group>"; };
		2F6AD3591F7FED6600D72AA0 /* HttpResponseUtils.h */ = {isa = PBXFileReference; fileEncoding = 4; lastKnownFileType = sourcecode.c.h; path = HttpResponseUtils.h; sourceTree = "<group>"; };
/* End PBXFileReference section */

/* Begin PBXFrameworksBuildPhase section */
		1193A6C01F7A3E860005619B /* Frameworks */ = {
			isa = PBXFrameworksBuildPhase;
			buildActionMask = 2147483647;
			files = (
			);
			runOnlyForDeploymentPostprocessing = 0;
		};
/* End PBXFrameworksBuildPhase section */

/* Begin PBXGroup section */
		1193A6BA1F7A3E860005619B = {
			isa = PBXGroup;
			children = (
				1193A6C51F7A3E860005619B /* catnip-api */,
				1193A6C41F7A3E860005619B /* Products */,
			);
			sourceTree = "<group>";
		};
		1193A6C41F7A3E860005619B /* Products */ = {
			isa = PBXGroup;
			children = (
				1193A6C31F7A3E860005619B /* catnip-api */,
			);
			name = Products;
			sourceTree = "<group>";
		};
		1193A6C51F7A3E860005619B /* catnip-api */ = {
			isa = PBXGroup;
			children = (
				1193A6C61F7A3E860005619B /* main.cpp */,
				1193A6D61F7A44CF0005619B /* CatnipApi.cpp */,
				1193A6D71F7A44CF0005619B /* CatnipApi.h */,
				1193A6CD1F7A402F0005619B /* base */,
				2F6AD3441F7FD0FB00D72AA0 /* config */,
				1193A6E21F7B433F0005619B /* controller */,
				2F6AD34B1F7FE22700D72AA0 /* model */,
				1193A6D11F7A41590005619B /* network */,
				11B3E5D91F7CFD6B00A31C0A /* util */,
			);
			path = "catnip-api";
			sourceTree = "<group>";
		};
		1193A6CD1F7A402F0005619B /* base */ = {
			isa = PBXGroup;
			children = (
				1193A6DC1F7A57AA0005619B /* HttpHeaders.cpp */,
				1193A6DD1F7A57AA0005619B /* HttpHeaders.h */,
				1193A6D91F7A571B0005619B /* HttpRequest.cpp */,
				1193A6DA1F7A571B0005619B /* HttpRequest.h */,
				2F6AD3351F7A88E900D72AA0 /* HttpRequestMethod.h */,
				2F6AD3371F7A8EDD00D72AA0 /* HttpRequestMethodTranslator.cpp */,
				2F6AD3381F7A8EDD00D72AA0 /* HttpRequestMethodTranslator.h */,
				2F6AD3311F7A848B00D72AA0 /* HttpRequestTranslator.cpp */,
				2F6AD3321F7A848B00D72AA0 /* HttpRequestTranslator.h */,
				2F6AD33E1F7AA8CD00D72AA0 /* HttpResponse.cpp */,
				2F6AD33F1F7AA8CD00D72AA0 /* HttpResponse.h */,
				1193A6E31F7B464D0005619B /* HttpResponsePayload.cpp */,
				1193A6E41F7B464D0005619B /* HttpResponsePayload.h */,
				2F6AD3411F7AAAE200D72AA0 /* HttpResponseTranslator.cpp */,
				2F6AD3421F7AAAE200D72AA0 /* HttpResponseTranslator.h */,
				2F6AD33A1F7AA6BC00D72AA0 /* HttpStatusCode.h */,
				2F6AD33B1F7AA73600D72AA0 /* HttpStatusCodeTranslator.cpp */,
				2F6AD33C1F7AA73600D72AA0 /* HttpStatusCodeTranslator.h */,
				1193A6DF1F7B3FC10005619B /* RestController.cpp */,
				1193A6E01F7B3FC10005619B /* RestController.h */,
				1193A6CE1F7A40550005619B /* RestServer.cpp */,
				1193A6CF1F7A40550005619B /* RestServer.h */,
				117B35691F7F89F80090C162 /* RequestMapping.cpp */,
				117B356A1F7F89F80090C162 /* RequestMapping.h */,
			);
			path = base;
			sourceTree = "<group>";
		};
		1193A6D11F7A41590005619B /* network */ = {
			isa = PBXGroup;
			children = (
				1193A6D21F7A419A0005619B /* SimpleServer.cpp */,
				1193A6D31F7A419A0005619B /* SimpleServer.h */,
				1193A6D51F7A41F20005619B /* SimpleServerDelegate.h */,
			);
			path = network;
			sourceTree = "<group>";
		};
		1193A6E21F7B433F0005619B /* controller */ = {
			isa = PBXGroup;
			children = (
				1193A6EC1F7B997A0005619B /* MockJsonController.cpp */,
				1193A6ED1F7B997A0005619B /* MockJsonController.h */,
				117B356C1F7F8E1A0090C162 /* StaticResourceController.cpp */,
				117B356D1F7F8E1A0090C162 /* StaticResourceController.h */,
				2F6AD3551F7FEB4100D72AA0 /* AppearanceController.cpp */,
				2F6AD3561F7FEB4100D72AA0 /* AppearanceController.h */,
			);
			path = controller;
			sourceTree = "<group>";
		};
		11B3E5D91F7CFD6B00A31C0A /* util */ = {
			isa = PBXGroup;
			children = (
				11B3E5DA1F7CFD9500A31C0A /* FileUtils.cpp */,
				11B3E5DB1F7CFD9500A31C0A /* FileUtils.h */,
				11B3E5DD1F7D054600A31C0A /* StringUtils.cpp */,
				11B3E5DE1F7D054600A31C0A /* StringUtils.h */,
				11A564351F7D0826004A529E /* Path.cpp */,
				11A564361F7D0826004A529E /* Path.h */,
				2F6AD3531F7FE5C300D72AA0 /* JsonUtils.cpp */,
				2F6AD3521F7FE50A00D72AA0 /* JsonUtils.h */,
				2F6AD3581F7FED6600D72AA0 /* HttpResponseUtils.cpp */,
				2F6AD3591F7FED6600D72AA0 /* HttpResponseUtils.h */,
			);
			path = util;
			sourceTree = "<group>";
		};
		2F6AD3441F7FD0FB00D72AA0 /* config */ = {
			isa = PBXGroup;
			children = (
				2F6AD3481F7FD2F400D72AA0 /* CatnipApiConfig.cpp */,
				2F6AD3491F7FD2F400D72AA0 /* CatnipApiConfig.h */,
			);
			path = config;
			sourceTree = "<group>";
		};
		2F6AD34B1F7FE22700D72AA0 /* model */ = {
			isa = PBXGroup;
			children = (
				2F6AD34C1F7FE24400D72AA0 /* Image.cpp */,
				2F6AD34D1F7FE24400D72AA0 /* Image.h */,
				2F6AD34F1F7FE3B300D72AA0 /* Appearance.cpp */,
				2F6AD3501F7FE3B300D72AA0 /* Appearance.h */,
			);
			path = model;
			sourceTree = "<group>";
		};
/* End PBXGroup section */

/* Begin PBXNativeTarget section */
		1193A6C21F7A3E860005619B /* catnip-api */ = {
			isa = PBXNativeTarget;
			buildConfigurationList = 1193A6CA1F7A3E860005619B /* Build configuration list for PBXNativeTarget "catnip-api" */;
			buildPhases = (
				1193A6BF1F7A3E860005619B /* Sources */,
				1193A6C01F7A3E860005619B /* Frameworks */,
				1193A6C11F7A3E860005619B /* CopyFiles */,
			);
			buildRules = (
			);
			dependencies = (
			);
			name = "catnip-api";
			productName = "catnip-api";
			productReference = 1193A6C31F7A3E860005619B /* catnip-api */;
			productType = "com.apple.product-type.tool";
		};
/* End PBXNativeTarget section */

/* Begin PBXProject section */
		1193A6BB1F7A3E860005619B /* Project object */ = {
			isa = PBXProject;
			attributes = {
				LastUpgradeCheck = 0900;
				ORGANIZATIONNAME = "Liu Yang ";
				TargetAttributes = {
					1193A6C21F7A3E860005619B = {
						CreatedOnToolsVersion = 9.0;
						ProvisioningStyle = Automatic;
					};
				};
			};
			buildConfigurationList = 1193A6BE1F7A3E860005619B /* Build configuration list for PBXProject "catnip-api" */;
			compatibilityVersion = "Xcode 8.0";
			developmentRegion = en;
			hasScannedForEncodings = 0;
			knownRegions = (
				en,
			);
			mainGroup = 1193A6BA1F7A3E860005619B;
			productRefGroup = 1193A6C41F7A3E860005619B /* Products */;
			projectDirPath = "";
			projectRoot = "";
			targets = (
				1193A6C21F7A3E860005619B /* catnip-api */,
			);
		};
/* End PBXProject section */

/* Begin PBXSourcesBuildPhase section */
		1193A6BF1F7A3E860005619B /* Sources */ = {
			isa = PBXSourcesBuildPhase;
			buildActionMask = 2147483647;
			files = (
				2F6AD3401F7AA8CD00D72AA0 /* HttpResponse.cpp in Sources */,
				1193A6E11F7B3FC10005619B /* RestController.cpp in Sources */,
				1193A6DB1F7A571B0005619B /* HttpRequest.cpp in Sources */,
				2F6AD34A1F7FD2F400D72AA0 /* CatnipApiConfig.cpp in Sources */,
				11B3E5DC1F7CFD9500A31C0A /* FileUtils.cpp in Sources */,
				2F6AD3541F7FE5C300D72AA0 /* JsonUtils.cpp in Sources */,
				1193A6D01F7A40550005619B /* RestServer.cpp in Sources */,
				117B356E1F7F8E1A0090C162 /* StaticResourceController.cpp in Sources */,
				1193A6DE1F7A57AA0005619B /* HttpHeaders.cpp in Sources */,
				2F6AD35A1F7FED6600D72AA0 /* HttpResponseUtils.cpp in Sources */,
				2F6AD33D1F7AA73600D72AA0 /* HttpStatusCodeTranslator.cpp in Sources */,
				2F6AD3331F7A848B00D72AA0 /* HttpRequestTranslator.cpp in Sources */,
				2F6AD3391F7A8EDD00D72AA0 /* HttpRequestMethodTranslator.cpp in Sources */,
				2F6AD3511F7FE3B300D72AA0 /* Appearance.cpp in Sources */,
				2F6AD3571F7FEB4100D72AA0 /* AppearanceController.cpp in Sources */,
				1193A6E51F7B464D0005619B /* HttpResponsePayload.cpp in Sources */,
				1193A6D41F7A419A0005619B /* SimpleServer.cpp in Sources */,
				11A564371F7D0826004A529E /* Path.cpp in Sources */,
				2F6AD3431F7AAAE200D72AA0 /* HttpResponseTranslator.cpp in Sources */,
				1193A6C71F7A3E860005619B /* main.cpp in Sources */,
				1193A6D81F7A44CF0005619B /* CatnipApi.cpp in Sources */,
				11B3E5DF1F7D054600A31C0A /* StringUtils.cpp in Sources */,
				2F6AD34E1F7FE24400D72AA0 /* Image.cpp in Sources */,
				117B356B1F7F89F80090C162 /* RequestMapping.cpp in Sources */,
				1193A6EE1F7B997A0005619B /* MockJsonController.cpp in Sources */,
			);
			runOnlyForDeploymentPostprocessing = 0;
		};
/* End PBXSourcesBuildPhase section */

/* Begin XCBuildConfiguration section */
		1193A6C81F7A3E860005619B /* Debug */ = {
			isa = XCBuildConfiguration;
			buildSettings = {
				ALWAYS_SEARCH_USER_PATHS = NO;
				CLANG_ANALYZER_NONNULL = YES;
				CLANG_ANALYZER_NUMBER_OBJECT_CONVERSION = YES_AGGRESSIVE;
				CLANG_CXX_LANGUAGE_STANDARD = "gnu++14";
				CLANG_CXX_LIBRARY = "libc++";
				CLANG_ENABLE_MODULES = YES;
				CLANG_ENABLE_OBJC_ARC = YES;
				CLANG_WARN_BLOCK_CAPTURE_AUTORELEASING = YES;
				CLANG_WARN_BOOL_CONVERSION = YES;
				CLANG_WARN_COMMA = YES;
				CLANG_WARN_CONSTANT_CONVERSION = YES;
				CLANG_WARN_DIRECT_OBJC_ISA_USAGE = YES_ERROR;
				CLANG_WARN_DOCUMENTATION_COMMENTS = YES;
				CLANG_WARN_EMPTY_BODY = YES;
				CLANG_WARN_ENUM_CONVERSION = YES;
				CLANG_WARN_INFINITE_RECURSION = YES;
				CLANG_WARN_INT_CONVERSION = YES;
				CLANG_WARN_NON_LITERAL_NULL_CONVERSION = YES;
				CLANG_WARN_OBJC_LITERAL_CONVERSION = YES;
				CLANG_WARN_OBJC_ROOT_CLASS = YES_ERROR;
				CLANG_WARN_RANGE_LOOP_ANALYSIS = YES;
				CLANG_WARN_STRICT_PROTOTYPES = YES;
				CLANG_WARN_SUSPICIOUS_MOVE = YES;
				CLANG_WARN_UNGUARDED_AVAILABILITY = YES_AGGRESSIVE;
				CLANG_WARN_UNREACHABLE_CODE = YES;
				CLANG_WARN__DUPLICATE_METHOD_MATCH = YES;
				CODE_SIGN_IDENTITY = "-";
				COPY_PHASE_STRIP = NO;
				DEBUG_INFORMATION_FORMAT = dwarf;
				ENABLE_STRICT_OBJC_MSGSEND = YES;
				ENABLE_TESTABILITY = YES;
				GCC_C_LANGUAGE_STANDARD = gnu11;
				GCC_DYNAMIC_NO_PIC = NO;
				GCC_NO_COMMON_BLOCKS = YES;
				GCC_OPTIMIZATION_LEVEL = 0;
				GCC_PREPROCESSOR_DEFINITIONS = (
					"DEBUG=1",
					"$(inherited)",
				);
				GCC_WARN_64_TO_32_BIT_CONVERSION = YES;
				GCC_WARN_ABOUT_RETURN_TYPE = YES_ERROR;
				GCC_WARN_UNDECLARED_SELECTOR = YES;
				GCC_WARN_UNINITIALIZED_AUTOS = YES_AGGRESSIVE;
				GCC_WARN_UNUSED_FUNCTION = YES;
				GCC_WARN_UNUSED_VARIABLE = YES;
				MACOSX_DEPLOYMENT_TARGET = 10.12;
				MTL_ENABLE_DEBUG_INFO = YES;
				ONLY_ACTIVE_ARCH = YES;
				SDKROOT = macosx;
			};
			name = Debug;
		};
		1193A6C91F7A3E860005619B /* Release */ = {
			isa = XCBuildConfiguration;
			buildSettings = {
				ALWAYS_SEARCH_USER_PATHS = NO;
				CLANG_ANALYZER_NONNULL = YES;
				CLANG_ANALYZER_NUMBER_OBJECT_CONVERSION = YES_AGGRESSIVE;
				CLANG_CXX_LANGUAGE_STANDARD = "gnu++14";
				CLANG_CXX_LIBRARY = "libc++";
				CLANG_ENABLE_MODULES = YES;
				CLANG_ENABLE_OBJC_ARC = YES;
				CLANG_WARN_BLOCK_CAPTURE_AUTORELEASING = YES;
				CLANG_WARN_BOOL_CONVERSION = YES;
				CLANG_WARN_COMMA = YES;
				CLANG_WARN_CONSTANT_CONVERSION = YES;
				CLANG_WARN_DIRECT_OBJC_ISA_USAGE = YES_ERROR;
				CLANG_WARN_DOCUMENTATION_COMMENTS = YES;
				CLANG_WARN_EMPTY_BODY = YES;
				CLANG_WARN_ENUM_CONVERSION = YES;
				CLANG_WARN_INFINITE_RECURSION = YES;
				CLANG_WARN_INT_CONVERSION = YES;
				CLANG_WARN_NON_LITERAL_NULL_CONVERSION = YES;
				CLANG_WARN_OBJC_LITERAL_CONVERSION = YES;
				CLANG_WARN_OBJC_ROOT_CLASS = YES_ERROR;
				CLANG_WARN_RANGE_LOOP_ANALYSIS = YES;
				CLANG_WARN_STRICT_PROTOTYPES = YES;
				CLANG_WARN_SUSPICIOUS_MOVE = YES;
				CLANG_WARN_UNGUARDED_AVAILABILITY = YES_AGGRESSIVE;
				CLANG_WARN_UNREACHABLE_CODE = YES;
				CLANG_WARN__DUPLICATE_METHOD_MATCH = YES;
				CODE_SIGN_IDENTITY = "-";
				COPY_PHASE_STRIP = NO;
				DEBUG_INFORMATION_FORMAT = "dwarf-with-dsym";
				ENABLE_NS_ASSERTIONS = NO;
				ENABLE_STRICT_OBJC_MSGSEND = YES;
				GCC_C_LANGUAGE_STANDARD = gnu11;
				GCC_NO_COMMON_BLOCKS = YES;
				GCC_WARN_64_TO_32_BIT_CONVERSION = YES;
				GCC_WARN_ABOUT_RETURN_TYPE = YES_ERROR;
				GCC_WARN_UNDECLARED_SELECTOR = YES;
				GCC_WARN_UNINITIALIZED_AUTOS = YES_AGGRESSIVE;
				GCC_WARN_UNUSED_FUNCTION = YES;
				GCC_WARN_UNUSED_VARIABLE = YES;
				MACOSX_DEPLOYMENT_TARGET = 10.12;
				MTL_ENABLE_DEBUG_INFO = NO;
				SDKROOT = macosx;
			};
			name = Release;
		};
		1193A6CB1F7A3E860005619B /* Debug */ = {
			isa = XCBuildConfiguration;
			buildSettings = {
				CODE_SIGN_STYLE = Automatic;
				PRODUCT_NAME = "$(TARGET_NAME)";
			};
			name = Debug;
		};
		1193A6CC1F7A3E860005619B /* Release */ = {
			isa = XCBuildConfiguration;
			buildSettings = {
				CODE_SIGN_STYLE = Automatic;
				PRODUCT_NAME = "$(TARGET_NAME)";
			};
			name = Release;
		};
/* End XCBuildConfiguration section */

/* Begin XCConfigurationList section */
		1193A6BE1F7A3E860005619B /* Build configuration list for PBXProject "catnip-api" */ = {
			isa = XCConfigurationList;
			buildConfigurations = (
				1193A6C81F7A3E860005619B /* Debug */,
				1193A6C91F7A3E860005619B /* Release */,
			);
			defaultConfigurationIsVisible = 0;
			defaultConfigurationName = Release;
		};
		1193A6CA1F7A3E860005619B /* Build configuration list for PBXNativeTarget "catnip-api" */ = {
			isa = XCConfigurationList;
			buildConfigurations = (
				1193A6CB1F7A3E860005619B /* Debug */,
				1193A6CC1F7A3E860005619B /* Release */,
			);
			defaultConfigurationIsVisible = 0;
			defaultConfigurationName = Release;
		};
/* End XCConfigurationList section */
	};
	rootObject = 1193A6BB1F7A3E860005619B /* Project object */;
}
